
Microsoft Visual Studio Solution File, Format Version 12.00
# Visual Studio Version 16
VisualStudioVersion = 16.0.32630.194
MinimumVisualStudioVersion = 10.0.40219.1
Project("{FAE04EC0-301F-11D3-BF4B-00C04F79EFBC}") = "CrudInMvc", "CrudInMvc\CrudInMvc.csproj", "{8420B249-921D-49CC-A4FC-85C255D60062}"
EndProject
Global
	GlobalSection(SolutionConfigurationPlatforms) = preSolution
		Debug|Any CPU = Debug|Any CPU
		Release|Any CPU = Release|Any CPU
	EndGlobalSection
	GlobalSection(ProjectConfigurationPlatforms) = postSolution
		{8420B249-921D-49CC-A4FC-85C255D60062}.Debug|Any CPU.ActiveCfg = Debug|Any CPU
		{8420B249-921D-49CC-A4FC-85C255D60062}.Debug|Any CPU.Build.0 = Debug|Any CPU
		{8420B249-921D-49CC-A4FC-85C255D60062}.Release|Any CPU.ActiveCfg = Release|Any CPU
		{8420B249-921D-49CC-A4FC-85C255D60062}.Release|Any CPU.Build.0 = Release|Any CPU
	EndGlobalSection
	GlobalSection(SolutionProperties) = preSolution
		HideSolutionNode = FALSE
	EndGlobalSection
	GlobalSection(ExtensibilityGlobals) = postSolution
		SolutionGuid = {D0B6FB58-AB2A-4F35-A2B6-55F1C7F5B0E6}
	EndGlobalSection
EndGlobal
